
Microsoft Visual Studio Solution File, Format Version 12.00
# Visual Studio Version 16
VisualStudioVersion = 16.0.28803.156
MinimumVisualStudioVersion = 10.0.40219.1
Project("{FAE04EC0-301F-11D3-BF4B-00C04F79EFBC}") = "Statistics.BL", "Statistics.BL\Statistics.BL.csproj", "{D7484513-F8E0-4D77-BF40-A79356D6C38A}"
EndProject
Project("{FAE04EC0-301F-11D3-BF4B-00C04F79EFBC}") = "Statistics.WF", "Statistics.WF\Statistics.WF.csproj", "{C72B7DEE-5998-45DB-ACA5-14E5CA2B3597}"
EndProject
Global
	GlobalSection(SolutionConfigurationPlatforms) = preSolution
		Debug|Any CPU = Debug|Any CPU
		Release|Any CPU = Release|Any CPU
	EndGlobalSection
	GlobalSection(ProjectConfigurationPlatforms) = postSolution
		{D7484513-F8E0-4D77-BF40-A79356D6C38A}.Debug|Any CPU.ActiveCfg = Debug|Any CPU
		{D7484513-F8E0-4D77-BF40-A79356D6C38A}.Debug|Any CPU.Build.0 = Debug|Any CPU
		{D7484513-F8E0-4D77-BF40-A79356D6C38A}.Release|Any CPU.ActiveCfg = Release|Any CPU
		{D7484513-F8E0-4D77-BF40-A79356D6C38A}.Release|Any CPU.Build.0 = Release|Any CPU
		{C72B7DEE-5998-45DB-ACA5-14E5CA2B3597}.Debug|Any CPU.ActiveCfg = Debug|Any CPU
		{C72B7DEE-5998-45DB-ACA5-14E5CA2B3597}.Debug|Any CPU.Build.0 = Debug|Any CPU
		{C72B7DEE-5998-45DB-ACA5-14E5CA2B3597}.Release|Any CPU.ActiveCfg = Release|Any CPU
		{C72B7DEE-5998-45DB-ACA5-14E5CA2B3597}.Release|Any CPU.Build.0 = Release|Any CPU
	EndGlobalSection
	GlobalSection(SolutionProperties) = preSolution
		HideSolutionNode = FALSE
	EndGlobalSection
	GlobalSection(ExtensibilityGlobals) = postSolution
		SolutionGuid = {AC57464C-98F8-4C0D-95FA-439105C46C86}
	EndGlobalSection
EndGlobal
